# This file is autogenerated, do not edit; changes may be undone by the next 'dep ensure'.


[[projects]]
  name = "github.com/joho/godotenv"
  packages = [".","autoload"]
  revision = "a79fa1e548e2c689c241d10173efd51e5d689d5b"
  version = "v1.2.0"

[[projects]]
  branch = "master"
  name = "github.com/mitchellh/hashstructure"
  packages = ["."]
  revision = "2bca23e0e452137f789efbc8610126fd8b94f73b"

[[projects]]
  name = "github.com/pkg/errors"
  packages = ["."]
  revision = "645ef00459ed84a119197bfb8d8205042c6df63d"
  version = "v0.8.0"

[[projects]]
  name = "gopkg.in/tucnak/telebot.v2"
  packages = ["."]
  revision = "575fdda36cfa658be96d98e390743d28137fc741"
  version = "v2.0"

[solve-meta]
  analyzer-name = "dep"
  analyzer-version = 1
  inputs-digest = "93a108b7771b3459858a52cec0e1ff2c7ff2884a03a7d5c2b1f0bdf490afc944"
  solver-name = "gps-cdcl"
  solver-version = 1
